{
  "requires": true,
  "lockfileVersion": 1,
  "dependencies": {
    "@babel/runtime": {
      "version": "7.10.2",
      "resolved": "https://registry.npmjs.org/@babel/runtime/-/runtime-7.10.2.tgz",
      "integrity": "sha512-6sF3uQw2ivImfVIl62RZ7MXhO2tap69WeWK57vAaimT6AZbE4FbqjdEJIN1UqoD6wI6B+1n9UiagafH1sxjOtg==",
      "requires": {
        "regenerator-runtime": "^0.13.4"
      }
    },
    "@elastic/datemath": {
      "version": "5.0.3",
      "requires": {
        "tslib": "^1.9.3"
      }
    },
    "@elastic/eui": {
      "version": "25.0.0",
      "requires": {
        "@types/chroma-js": "^2.0.0",
        "@types/enzyme": "^3.1.13",
        "@types/lodash": "^4.14.116",
        "@types/numeral": "^0.0.25",
        "@types/react-beautiful-dnd": "^12.1.2",
        "@types/react-input-autosize": "^2.0.2",
        "@types/react-virtualized": "^9.18.7",
        "chroma-js": "^2.0.4",
        "classnames": "^2.2.5",
        "highlight.js": "^9.12.0",
        "html": "^1.0.0",
        "keymirror": "^0.1.1",
        "lodash": "^4.17.11",
        "numeral": "^2.0.6",
        "prop-types": "^15.6.0",
        "react-ace": "^7.0.5",
        "react-beautiful-dnd": "^13.0.0",
        "react-focus-lock": "^1.17.7",
        "react-input-autosize": "^2.2.2",
        "react-is": "~16.3.0",
        "react-virtualized": "^9.21.2",
        "resize-observer-polyfill": "^1.5.0",
        "tabbable": "^3.0.0",
        "uuid": "^3.1.0"
      }
    },
    "@types/cheerio": {
      "version": "0.22.18",
      "resolved": "https://registry.npmjs.org/@types/cheerio/-/cheerio-0.22.18.tgz",
      "integrity": "sha512-Fq7R3fINAPSdUEhOyjG4iVxgHrOnqDJbY0/BUuiN0pvD/rfmZWekVZnv+vcs8TtpA2XF50uv50LaE4EnpEL/Hw==",
      "requires": {
        "@types/node": "*"
      }
    },
    "@types/chroma-js": {
      "version": "2.0.0",
      "resolved": "https://registry.npmjs.org/@types/chroma-js/-/chroma-js-2.0.0.tgz",
      "integrity": "sha512-iomunXsXjDxhm2y1OeJt8NwmgC7RyNkPAOddlYVGsbGoX8+1jYt84SG4/tf6RWcwzROLx1kPXPE95by1s+ebIg=="
    },
    "@types/enzyme": {
      "version": "3.10.5",
      "resolved": "https://registry.npmjs.org/@types/enzyme/-/enzyme-3.10.5.tgz",
      "integrity": "sha512-R+phe509UuUYy9Tk0YlSbipRpfVtIzb/9BHn5pTEtjJTF5LXvUjrIQcZvNyANNEyFrd2YGs196PniNT1fgvOQA==",
      "requires": {
        "@types/cheerio": "*",
        "@types/react": "*"
      }
    },
    "@types/lodash": {
      "version": "4.14.155",
      "resolved": "https://registry.npmjs.org/@types/lodash/-/lodash-4.14.155.tgz",
      "integrity": "sha512-vEcX7S7aPhsBCivxMwAANQburHBtfN9RdyXFk84IJmu2Z4Hkg1tOFgaslRiEqqvoLtbCBi6ika1EMspE+NZ9Lg=="
    },
    "@types/node": {
      "version": "14.0.13",
      "resolved": "https://registry.npmjs.org/@types/node/-/node-14.0.13.tgz",
      "integrity": "sha512-rouEWBImiRaSJsVA+ITTFM6ZxibuAlTuNOCyxVbwreu6k6+ujs7DfnU9o+PShFhET78pMBl3eH+AGSI5eOTkPA=="
    },
    "@types/numeral": {
      "version": "0.0.25",
      "resolved": "https://registry.npmjs.org/@types/numeral/-/numeral-0.0.25.tgz",
      "integrity": "sha512-ShHzHkYD+Ldw3eyttptCpUhF1/mkInWwasQkCNXZHOsJMJ/UMa8wXrxSrTJaVk0r4pLK/VnESVM0wFsfQzNEKQ=="
    },
    "@types/prop-types": {
      "version": "15.7.3",
      "resolved": "https://registry.npmjs.org/@types/prop-types/-/prop-types-15.7.3.tgz",
      "integrity": "sha512-KfRL3PuHmqQLOG+2tGpRO26Ctg+Cq1E01D2DMriKEATHgWLfeNDmq9e29Q9WIky0dQ3NPkd1mzYH8Lm936Z9qw=="
    },
    "@types/react": {
      "version": "16.9.36",
      "resolved": "https://registry.npmjs.org/@types/react/-/react-16.9.36.tgz",
      "integrity": "sha512-mGgUb/Rk/vGx4NCvquRuSH0GHBQKb1OqpGS9cT9lFxlTLHZgkksgI60TuIxubmn7JuCb+sENHhQciqa0npm0AQ==",
      "requires": {
        "@types/prop-types": "*",
        "csstype": "^2.2.0"
      }
    },
    "@types/react-beautiful-dnd": {
      "version": "12.1.3",
      "resolved": "https://registry.npmjs.org/@types/react-beautiful-dnd/-/react-beautiful-dnd-12.1.3.tgz",
      "integrity": "sha512-QPPBg4kfodlDjx/BIar/mMcdynzZEqCsty+g3nBMF1KZKCepM0/QnqNaEmFj+129dgFGQBabF4qQHEYq5Y8mTQ==",
      "requires": {
        "@types/react": "*"
      }
    },
    "@types/react-input-autosize": {
      "version": "2.0.2",
      "resolved": "https://registry.npmjs.org/@types/react-input-autosize/-/react-input-autosize-2.0.2.tgz",
      "integrity": "sha512-QzewaD5kog7c6w5e3dretb+50oM8RDdDvVumQKCtPjI6VHyR8lA/HxCiTrv5l9Vgbi4NCitYuix/NorOevlrng==",
      "requires": {
        "@types/react": "*"
      }
    },
    "@types/react-virtualized": {
      "version": "9.21.10",
      "resolved": "https://registry.npmjs.org/@types/react-virtualized/-/react-virtualized-9.21.10.tgz",
      "integrity": "sha512-f5Ti3A7gGdLkPPFNHTrvKblpsPNBiQoSorOEOD+JPx72g/Ng2lOt4MYfhvQFQNgyIrAro+Z643jbcKafsMW2ag==",
      "requires": {
        "@types/prop-types": "*",
        "@types/react": "*"
      }
    },
    "axios": {
      "version": "0.19.2",
      "resolved": "https://registry.npmjs.org/axios/-/axios-0.19.2.tgz",
      "integrity": "sha512-fjgm5MvRHLhx+osE2xoekY70AhARk3a6hkN+3Io1jc00jtquGvxYlKlsFUhmUET0V5te6CcZI7lcv2Ym61mjHA==",
      "requires": {
        "follow-redirects": "1.5.10"
      }
    },
    "babel-runtime": {
      "version": "6.26.0",
      "resolved": "https://registry.npmjs.org/babel-runtime/-/babel-runtime-6.26.0.tgz",
      "integrity": "sha1-llxwWGaOgrVde/4E/yM3vItWR/4=",
      "requires": {
        "core-js": "^2.4.0",
        "regenerator-runtime": "^0.11.0"
      },
      "dependencies": {
        "regenerator-runtime": {
          "version": "0.11.1",
          "resolved": "https://registry.npmjs.org/regenerator-runtime/-/regenerator-runtime-0.11.1.tgz",
          "integrity": "sha512-MguG95oij0fC3QV3URf4V2SDYGJhJnJGqvIIgdECeODCT98wSWDAJ94SSuVpYQUoTcGUIL6L4yNB7j1DFFHSBg=="
        }
      }
    },
    "brace": {
      "version": "0.11.1",
      "resolved": "https://registry.npmjs.org/brace/-/brace-0.11.1.tgz",
      "integrity": "sha1-SJb8ydVE7vRfS7dmDbMg07N5/lg="
    },
    "buffer-from": {
      "version": "1.1.1",
      "resolved": "https://registry.npmjs.org/buffer-from/-/buffer-from-1.1.1.tgz",
      "integrity": "sha512-MQcXEUbCKtEo7bhqEs6560Hyd4XaovZlO/k9V3hjVUF/zwW7KBVdSK4gIt/bzwS9MbR5qob+F5jusZsb0YQK2A=="
    },
    "chroma-js": {
      "version": "2.1.0",
      "resolved": "https://registry.npmjs.org/chroma-js/-/chroma-js-2.1.0.tgz",
      "integrity": "sha512-uiRdh4ZZy+UTPSrAdp8hqEdVb1EllLtTHOt5TMaOjJUvi+O54/83Fc5K2ld1P+TJX+dw5B+8/sCgzI6eaur/lg==",
      "requires": {
        "cross-env": "^6.0.3"
      }
    },
    "classnames": {
      "version": "2.2.6",
      "resolved": "https://registry.npmjs.org/classnames/-/classnames-2.2.6.tgz",
      "integrity": "sha512-JR/iSQOSt+LQIWwrwEzJ9uk0xfN3mTVYMwt1Ir5mUcSN6pU+V4zQFFaJsclJbPuAUQH+yfWef6tm7l1quW3C8Q=="
    },
    "clsx": {
      "version": "1.1.1",
      "resolved": "https://registry.npmjs.org/clsx/-/clsx-1.1.1.tgz",
      "integrity": "sha512-6/bPho624p3S2pMyvP5kKBPXnI3ufHLObBFCfgx+LkeR5lg2XYy2hqZqUf45ypD8COn2bhgGJSUE+l5dhNBieA=="
    },
    "concat-stream": {
      "version": "1.6.2",
      "resolved": "https://registry.npmjs.org/concat-stream/-/concat-stream-1.6.2.tgz",
      "integrity": "sha512-27HBghJxjiZtIk3Ycvn/4kbJk/1uZuJFfuPEns6LaEvpvG1f0hTea8lilrouyo9mVc2GWdcEZ8OLoGmSADlrCw==",
      "requires": {
        "buffer-from": "^1.0.0",
        "inherits": "^2.0.3",
        "readable-stream": "^2.2.2",
        "typedarray": "^0.0.6"
      }
    },
    "core-js": {
      "version": "2.6.11",
      "resolved": "https://registry.npmjs.org/core-js/-/core-js-2.6.11.tgz",
      "integrity": "sha512-5wjnpaT/3dV+XB4borEsnAYQchn00XSgTAWKDkEqv+K8KevjbzmofK6hfJ9TZIlpj2N0xQpazy7PiRQiWHqzWg=="
    },
    "core-util-is": {
      "version": "1.0.2",
      "resolved": "https://registry.npmjs.org/core-util-is/-/core-util-is-1.0.2.tgz",
      "integrity": "sha1-tf1UIgqivFq1eqtxQMlAdUUDwac="
    },
    "cross-env": {
      "version": "6.0.3",
      "resolved": "https://registry.npmjs.org/cross-env/-/cross-env-6.0.3.tgz",
      "integrity": "sha512-+KqxF6LCvfhWvADcDPqo64yVIB31gv/jQulX2NGzKS/g3GEVz6/pt4wjHFtFWsHMddebWD/sDthJemzM4MaAag==",
      "requires": {
        "cross-spawn": "^7.0.0"
      }
    },
    "cross-spawn": {
      "version": "7.0.3",
      "resolved": "https://registry.npmjs.org/cross-spawn/-/cross-spawn-7.0.3.tgz",
      "integrity": "sha512-iRDPJKUPVEND7dHPO8rkbOnPpyDygcDFtWjpeWNCgy8WP2rXcxXL8TskReQl6OrB2G7+UJrags1q15Fudc7G6w==",
      "requires": {
        "path-key": "^3.1.0",
        "shebang-command": "^2.0.0",
        "which": "^2.0.1"
      }
    },
    "css-box-model": {
      "version": "1.2.1",
      "resolved": "https://registry.npmjs.org/css-box-model/-/css-box-model-1.2.1.tgz",
      "integrity": "sha512-a7Vr4Q/kd/aw96bnJG332W9V9LkJO69JRcaCYDUqjp6/z0w6VcZjgAcTbgFxEPfBgdnAwlh3iwu+hLopa+flJw==",
      "requires": {
        "tiny-invariant": "^1.0.6"
      }
    },
    "csstype": {
      "version": "2.6.10",
      "resolved": "https://registry.npmjs.org/csstype/-/csstype-2.6.10.tgz",
      "integrity": "sha512-D34BqZU4cIlMCY93rZHbrq9pjTAQJ3U8S8rfBqjwHxkGPThWFjzZDQpgMJY0QViLxth6ZKYiwFBo14RdN44U/w=="
    },
    "debug": {
      "version": "3.1.0",
      "resolved": "https://registry.npmjs.org/debug/-/debug-3.1.0.tgz",
      "integrity": "sha512-OX8XqP7/1a9cqkxYw2yXss15f26NKWBpDXQd0/uK/KPqdQhxbPa994hnzjcE2VqQpDslf55723cKPUOGSmMY3g==",
      "requires": {
        "ms": "2.0.0"
      }
    },
    "diff-match-patch": {
      "version": "1.0.5",
      "resolved": "https://registry.npmjs.org/diff-match-patch/-/diff-match-patch-1.0.5.tgz",
      "integrity": "sha512-IayShXAgj/QMXgB0IWmKx+rOPuGMhqm5w6jvFxmVenXKIzRqTAAsbBPT3kWQeGANj3jGgvcvv4yK6SxqYmikgw=="
    },
    "dom-helpers": {
      "version": "5.1.4",
      "resolved": "https://registry.npmjs.org/dom-helpers/-/dom-helpers-5.1.4.tgz",
      "integrity": "sha512-TjMyeVUvNEnOnhzs6uAn9Ya47GmMo3qq7m+Lr/3ON0Rs5kHvb8I+SQYjLUSYn7qhEm0QjW0yrBkvz9yOrwwz1A==",
      "requires": {
        "@babel/runtime": "^7.8.7",
        "csstype": "^2.6.7"
      }
    },
    "focus-lock": {
      "version": "0.6.8",
      "resolved": "https://registry.npmjs.org/focus-lock/-/focus-lock-0.6.8.tgz",
      "integrity": "sha512-vkHTluRCoq9FcsrldC0ulQHiyBYgVJB2CX53I8r0nTC6KnEij7Of0jpBspjt3/CuNb6fyoj3aOh9J2HgQUM0og=="
    },
    "follow-redirects": {
      "version": "1.5.10",
      "resolved": "https://registry.npmjs.org/follow-redirects/-/follow-redirects-1.5.10.tgz",
      "integrity": "sha512-0V5l4Cizzvqt5D44aTXbFZz+FtyXV1vrDN6qrelxtfYQKW0KO0W2T/hkE8xvGa/540LkZlkaUjO4ailYTFtHVQ==",
      "requires": {
        "debug": "=3.1.0"
      }
    },
    "highlight.js": {
      "version": "9.18.1",
      "resolved": "https://registry.npmjs.org/highlight.js/-/highlight.js-9.18.1.tgz",
      "integrity": "sha512-OrVKYz70LHsnCgmbXctv/bfuvntIKDz177h0Co37DQ5jamGZLVmoCVMtjMtNZY3X9DrCcKfklHPNeA0uPZhSJg=="
    },
    "hoist-non-react-statics": {
      "version": "3.3.2",
      "resolved": "https://registry.npmjs.org/hoist-non-react-statics/-/hoist-non-react-statics-3.3.2.tgz",
      "integrity": "sha512-/gGivxi8JPKWNm/W0jSmzcMPpfpPLc3dY/6GxhX2hQ9iGj3aDfklV4ET7NjKpSinLpJ5vafa9iiGIEZg10SfBw==",
      "requires": {
        "react-is": "^16.7.0"
      },
      "dependencies": {
        "react-is": {
          "version": "16.13.1",
          "resolved": "https://registry.npmjs.org/react-is/-/react-is-16.13.1.tgz",
          "integrity": "sha512-24e6ynE2H+OKt4kqsOvNd8kBpV65zoxbA4BVsEOB3ARVWQki/DHzaUoC5KuON/BiccDaCCTZBuOcfZs70kR8bQ=="
        }
      }
    },
    "html": {
      "version": "1.0.0",
      "resolved": "https://registry.npmjs.org/html/-/html-1.0.0.tgz",
      "integrity": "sha1-pUT6nqVJK/s6LMqCEKEL57WvH2E=",
      "requires": {
        "concat-stream": "^1.4.7"
      }
    },
    "inherits": {
      "version": "2.0.4",
      "resolved": "https://registry.npmjs.org/inherits/-/inherits-2.0.4.tgz",
      "integrity": "sha512-k/vGaX4/Yla3WzyMCvTQOXYeIHvqOKtnqBduzTHpzpQZzAskKMhZ2K+EnBiSM9zGSoIFeMpXKxa4dYeZIQqewQ=="
    },
    "isarray": {
      "version": "1.0.0",
      "resolved": "https://registry.npmjs.org/isarray/-/isarray-1.0.0.tgz",
      "integrity": "sha1-u5NdSFgsuhaMBoNJV6VKPgcSTxE="
    },
    "isexe": {
      "version": "2.0.0",
      "resolved": "https://registry.npmjs.org/isexe/-/isexe-2.0.0.tgz",
      "integrity": "sha1-6PvzdNxVb/iUehDcsFctYz8s+hA="
    },
    "js-tokens": {
      "version": "4.0.0",
      "resolved": "https://registry.npmjs.org/js-tokens/-/js-tokens-4.0.0.tgz",
      "integrity": "sha512-RdJUflcE3cUzKiMqQgsCu06FPu9UdIJO0beYbPhHN4k6apgJtifcoCtT9bcxOpYBtpD2kCM6Sbzg4CausW/PKQ=="
    },
    "keymirror": {
      "version": "0.1.1",
      "resolved": "https://registry.npmjs.org/keymirror/-/keymirror-0.1.1.tgz",
      "integrity": "sha1-kYiJ6hP40KQufFVyUO7nE63JXDU="
    },
    "lodash": {
      "version": "4.17.15",
      "resolved": "https://registry.npmjs.org/lodash/-/lodash-4.17.15.tgz",
      "integrity": "sha512-8xOcRHvCjnocdS5cpwXQXVzmmh5e5+saE2QGoeQmbKmRS6J3VQppPOIt0MnmE+4xlZoumy0GPG0D0MVIQbNA1A=="
    },
    "lodash.get": {
      "version": "4.4.2",
      "resolved": "https://registry.npmjs.org/lodash.get/-/lodash.get-4.4.2.tgz",
      "integrity": "sha1-LRd/ZS+jHpObRDjVNBSZ36OCXpk="
    },
    "lodash.isequal": {
      "version": "4.5.0",
      "resolved": "https://registry.npmjs.org/lodash.isequal/-/lodash.isequal-4.5.0.tgz",
      "integrity": "sha1-QVxEePK8wwEgwizhDtMib30+GOA="
    },
    "loose-envify": {
      "version": "1.4.0",
      "resolved": "https://registry.npmjs.org/loose-envify/-/loose-envify-1.4.0.tgz",
      "integrity": "sha512-lyuxPGr/Wfhrlem2CL/UcnUc1zcqKAImBDzukY7Y5F/yQiNdko6+fRLevlw1HgMySw7f611UIY408EtxRSoK3Q==",
      "requires": {
        "js-tokens": "^3.0.0 || ^4.0.0"
      }
    },
    "memoize-one": {
      "version": "5.1.1",
      "resolved": "https://registry.npmjs.org/memoize-one/-/memoize-one-5.1.1.tgz",
      "integrity": "sha512-HKeeBpWvqiVJD57ZUAsJNm71eHTykffzcLZVYWiVfQeI1rJtuEaS7hQiEpWfVVk18donPwJEcFKIkCmPJNOhHA=="
    },
    "moment": {
      "version": "2.26.0"
    },
    "ms": {
      "version": "2.0.0",
      "resolved": "https://registry.npmjs.org/ms/-/ms-2.0.0.tgz",
      "integrity": "sha1-VgiurfwAvmwpAd9fmGF4jeDVl8g="
    },
    "numeral": {
      "version": "2.0.6",
      "resolved": "https://registry.npmjs.org/numeral/-/numeral-2.0.6.tgz",
      "integrity": "sha1-StCAk21EPCVhrtnyGX7//iX05QY="
    },
    "object-assign": {
      "version": "4.1.1",
      "resolved": "https://registry.npmjs.org/object-assign/-/object-assign-4.1.1.tgz",
      "integrity": "sha1-IQmtx5ZYh8/AXLvUQsrIv7s2CGM="
    },
    "path-key": {
      "version": "3.1.1",
      "resolved": "https://registry.npmjs.org/path-key/-/path-key-3.1.1.tgz",
      "integrity": "sha512-ojmeN0qd+y0jszEtoY48r0Peq5dwMEkIlCOu6Q5f41lfkswXuKtYrhgoTpLnyIcHm24Uhqx+5Tqm2InSwLhE6Q=="
    },
    "process-nextick-args": {
      "version": "2.0.1",
      "resolved": "https://registry.npmjs.org/process-nextick-args/-/process-nextick-args-2.0.1.tgz",
      "integrity": "sha512-3ouUOpQhtgrbOa17J7+uxOTpITYWaGP7/AhoR3+A+/1e9skrzelGi/dXzEYyvbxubEF6Wn2ypscTKiKJFFn1ag=="
    },
    "prop-types": {
      "version": "15.7.2",
      "resolved": "https://registry.npmjs.org/prop-types/-/prop-types-15.7.2.tgz",
      "integrity": "sha512-8QQikdH7//R2vurIJSutZ1smHYTcLpRWEOlHnzcWHmBYrOGUysKwSsrC89BCiFj3CbrfJ/nXFdJepOVrY1GCHQ==",
      "requires": {
        "loose-envify": "^1.4.0",
        "object-assign": "^4.1.1",
        "react-is": "^16.8.1"
      },
      "dependencies": {
        "react-is": {
          "version": "16.13.1",
          "resolved": "https://registry.npmjs.org/react-is/-/react-is-16.13.1.tgz",
          "integrity": "sha512-24e6ynE2H+OKt4kqsOvNd8kBpV65zoxbA4BVsEOB3ARVWQki/DHzaUoC5KuON/BiccDaCCTZBuOcfZs70kR8bQ=="
        }
      }
    },
    "raf-schd": {
      "version": "4.0.2",
      "resolved": "https://registry.npmjs.org/raf-schd/-/raf-schd-4.0.2.tgz",
      "integrity": "sha512-VhlMZmGy6A6hrkJWHLNTGl5gtgMUm+xfGza6wbwnE914yeQ5Ybm18vgM734RZhMgfw4tacUrWseGZlpUrrakEQ=="
    },
    "react-ace": {
      "version": "7.0.5",
      "resolved": "https://registry.npmjs.org/react-ace/-/react-ace-7.0.5.tgz",
      "integrity": "sha512-3iI+Rg2bZXCn9K984ll2OF4u9SGcJH96Q1KsUgs9v4M2WePS4YeEHfW2nrxuqJrAkE5kZbxaCE79k6kqK0YBjg==",
      "requires": {
        "brace": "^0.11.1",
        "diff-match-patch": "^1.0.4",
        "lodash.get": "^4.4.2",
        "lodash.isequal": "^4.5.0",
        "prop-types": "^15.7.2"
      }
    },
    "react-beautiful-dnd": {
      "version": "13.0.0",
      "resolved": "https://registry.npmjs.org/react-beautiful-dnd/-/react-beautiful-dnd-13.0.0.tgz",
      "integrity": "sha512-87It8sN0ineoC3nBW0SbQuTFXM6bUqM62uJGY4BtTf0yzPl8/3+bHMWkgIe0Z6m8e+gJgjWxefGRVfpE3VcdEg==",
      "requires": {
        "@babel/runtime": "^7.8.4",
        "css-box-model": "^1.2.0",
        "memoize-one": "^5.1.1",
        "raf-schd": "^4.0.2",
        "react-redux": "^7.1.1",
        "redux": "^4.0.4",
        "use-memo-one": "^1.1.1"
      }
    },
    "react-clientside-effect": {
      "version": "1.2.2",
      "resolved": "https://registry.npmjs.org/react-clientside-effect/-/react-clientside-effect-1.2.2.tgz",
      "integrity": "sha512-nRmoyxeok5PBO6ytPvSjKp9xwXg9xagoTK1mMjwnQxqM9Hd7MNPl+LS1bOSOe+CV2+4fnEquc7H/S8QD3q697A==",
      "requires": {
        "@babel/runtime": "^7.0.0"
      }
    },
    "react-focus-lock": {
      "version": "1.19.1",
      "resolved": "https://registry.npmjs.org/react-focus-lock/-/react-focus-lock-1.19.1.tgz",
      "integrity": "sha512-TPpfiack1/nF4uttySfpxPk4rGZTLXlaZl7ncZg/ELAk24Iq2B1UUaUioID8H8dneUXqznT83JTNDHDj+kwryw==",
      "requires": {
        "@babel/runtime": "^7.0.0",
        "focus-lock": "^0.6.3",
        "prop-types": "^15.6.2",
        "react-clientside-effect": "^1.2.0"
      }
    },
    "react-input-autosize": {
      "version": "2.2.2",
      "resolved": "https://registry.npmjs.org/react-input-autosize/-/react-input-autosize-2.2.2.tgz",
      "integrity": "sha512-jQJgYCA3S0j+cuOwzuCd1OjmBmnZLdqQdiLKRYrsMMzbjUrVDS5RvJUDwJqA7sKuksDuzFtm6hZGKFu7Mjk5aw==",
      "requires": {
        "prop-types": "^15.5.8"
      }
    },
    "react-is": {
      "version": "16.3.2",
      "resolved": "https://registry.npmjs.org/react-is/-/react-is-16.3.2.tgz",
      "integrity": "sha512-ybEM7YOr4yBgFd6w8dJqwxegqZGJNBZl6U27HnGKuTZmDvVrD5quWOK/wAnMywiZzW+Qsk+l4X2c70+thp/A8Q=="
    },
    "react-lifecycles-compat": {
      "version": "3.0.4",
      "resolved": "https://registry.npmjs.org/react-lifecycles-compat/-/react-lifecycles-compat-3.0.4.tgz",
      "integrity": "sha512-fBASbA6LnOU9dOU2eW7aQ8xmYBSXUIWr+UmF9b1efZBazGNO+rcXT/icdKnYm2pTwcRylVUYwW7H1PHfLekVzA=="
    },
    "react-redux": {
      "version": "7.2.0",
      "resolved": "https://registry.npmjs.org/react-redux/-/react-redux-7.2.0.tgz",
      "integrity": "sha512-EvCAZYGfOLqwV7gh849xy9/pt55rJXPwmYvI4lilPM5rUT/1NxuuN59ipdBksRVSvz0KInbPnp4IfoXJXCqiDA==",
      "requires": {
        "@babel/runtime": "^7.5.5",
        "hoist-non-react-statics": "^3.3.0",
        "loose-envify": "^1.4.0",
        "prop-types": "^15.7.2",
        "react-is": "^16.9.0"
      },
      "dependencies": {
        "react-is": {
          "version": "16.13.1",
          "resolved": "https://registry.npmjs.org/react-is/-/react-is-16.13.1.tgz",
          "integrity": "sha512-24e6ynE2H+OKt4kqsOvNd8kBpV65zoxbA4BVsEOB3ARVWQki/DHzaUoC5KuON/BiccDaCCTZBuOcfZs70kR8bQ=="
        }
      }
    },
    "react-virtualized": {
      "version": "9.21.2",
      "resolved": "https://registry.npmjs.org/react-virtualized/-/react-virtualized-9.21.2.tgz",
      "integrity": "sha512-oX7I7KYiUM7lVXQzmhtF4Xg/4UA5duSA+/ZcAvdWlTLFCoFYq1SbauJT5gZK9cZS/wdYR6TPGpX/dqzvTqQeBA==",
      "requires": {
        "babel-runtime": "^6.26.0",
        "clsx": "^1.0.1",
        "dom-helpers": "^5.0.0",
        "loose-envify": "^1.3.0",
        "prop-types": "^15.6.0",
        "react-lifecycles-compat": "^3.0.4"
      }
    },
    "readable-stream": {
      "version": "2.3.7",
      "resolved": "https://registry.npmjs.org/readable-stream/-/readable-stream-2.3.7.tgz",
      "integrity": "sha512-Ebho8K4jIbHAxnuxi7o42OrZgF/ZTNcsZj6nRKyUmkhLFq8CHItp/fy6hQZuZmP/n3yZ9VBUbp4zz/mX8hmYPw==",
      "requires": {
        "core-util-is": "~1.0.0",
        "inherits": "~2.0.3",
        "isarray": "~1.0.0",
        "process-nextick-args": "~2.0.0",
        "safe-buffer": "~5.1.1",
        "string_decoder": "~1.1.1",
        "util-deprecate": "~1.0.1"
      }
    },
    "redux": {
      "version": "4.0.5",
      "resolved": "https://registry.npmjs.org/redux/-/redux-4.0.5.tgz",
      "integrity": "sha512-VSz1uMAH24DM6MF72vcojpYPtrTUu3ByVWfPL1nPfVRb5mZVTve5GnNCUV53QM/BZ66xfWrm0CTWoM+Xlz8V1w==",
      "requires": {
        "loose-envify": "^1.4.0",
        "symbol-observable": "^1.2.0"
      }
    },
    "regenerator-runtime": {
      "version": "0.13.5",
      "resolved": "https://registry.npmjs.org/regenerator-runtime/-/regenerator-runtime-0.13.5.tgz",
      "integrity": "sha512-ZS5w8CpKFinUzOwW3c83oPeVXoNsrLsaCoLtJvAClH135j/R77RuymhiSErhm2lKcwSCIpmvIWSbDkIfAqKQlA=="
    },
    "resize-observer-polyfill": {
      "version": "1.5.1",
      "resolved": "https://registry.npmjs.org/resize-observer-polyfill/-/resize-observer-polyfill-1.5.1.tgz",
      "integrity": "sha512-LwZrotdHOo12nQuZlHEmtuXdqGoOD0OhaxopaNFxWzInpEgaLWoVuAMbTzixuosCx2nEG58ngzW3vxdWoxIgdg=="
    },
    "safe-buffer": {
      "version": "5.1.2",
      "resolved": "https://registry.npmjs.org/safe-buffer/-/safe-buffer-5.1.2.tgz",
      "integrity": "sha512-Gd2UZBJDkXlY7GbJxfsE8/nvKkUEU1G38c1siN6QP6a9PT9MmHB8GnpscSmMJSoF8LOIrt8ud/wPtojys4G6+g=="
    },
    "shebang-command": {
      "version": "2.0.0",
      "resolved": "https://registry.npmjs.org/shebang-command/-/shebang-command-2.0.0.tgz",
      "integrity": "sha512-kHxr2zZpYtdmrN1qDjrrX/Z1rR1kG8Dx+gkpK1G4eXmvXswmcE1hTWBWYUzlraYw1/yZp6YuDY77YtvbN0dmDA==",
      "requires": {
        "shebang-regex": "^3.0.0"
      }
    },
    "shebang-regex": {
      "version": "3.0.0",
      "resolved": "https://registry.npmjs.org/shebang-regex/-/shebang-regex-3.0.0.tgz",
      "integrity": "sha512-7++dFhtcx3353uBaq8DDR4NuxBetBzC7ZQOhmTQInHEd6bSrXdiEyzCvG07Z44UYdLShWUyXt5M/yhz8ekcb1A=="
    },
    "string_decoder": {
      "version": "1.1.1",
      "resolved": "https://registry.npmjs.org/string_decoder/-/string_decoder-1.1.1.tgz",
      "integrity": "sha512-n/ShnvDi6FHbbVfviro+WojiFzv+s8MPMHBczVePfUpDJLwoLT0ht1l4YwBCbi8pJAveEEdnkHyPyTP/mzRfwg==",
      "requires": {
        "safe-buffer": "~5.1.0"
      }
    },
    "symbol-observable": {
      "version": "1.2.0",
      "resolved": "https://registry.npmjs.org/symbol-observable/-/symbol-observable-1.2.0.tgz",
      "integrity": "sha512-e900nM8RRtGhlV36KGEU9k65K3mPb1WV70OdjfxlG2EAuM1noi/E/BaW/uMhL7bPEssK8QV57vN3esixjUvcXQ=="
    },
    "tabbable": {
      "version": "3.1.2",
      "resolved": "https://registry.npmjs.org/tabbable/-/tabbable-3.1.2.tgz",
      "integrity": "sha512-wjB6puVXTYO0BSFtCmWQubA/KIn7Xvajw0x0l6eJUudMG/EAiJvIUnyNX6xO4NpGrJ16lbD0eUseB9WxW0vlpQ=="
    },
    "tiny-invariant": {
      "version": "1.1.0",
      "resolved": "https://registry.npmjs.org/tiny-invariant/-/tiny-invariant-1.1.0.tgz",
      "integrity": "sha512-ytxQvrb1cPc9WBEI/HSeYYoGD0kWnGEOR8RY6KomWLBVhqz0RgTwVO9dLrGz7dC+nN9llyI7OKAgRq8Vq4ZBSw=="
    },
    "tslib": {
      "version": "1.13.0",
      "resolved": "https://registry.npmjs.org/tslib/-/tslib-1.13.0.tgz",
      "integrity": "sha512-i/6DQjL8Xf3be4K/E6Wgpekn5Qasl1usyw++dAA35Ue5orEn65VIxOA+YvNNl9HV3qv70T7CNwjODHZrLwvd1Q=="
    },
    "typedarray": {
      "version": "0.0.6",
      "resolved": "https://registry.npmjs.org/typedarray/-/typedarray-0.0.6.tgz",
      "integrity": "sha1-hnrHTjhkGHsdPUfZlqeOxciDB3c="
    },
    "use-memo-one": {
      "version": "1.1.1",
      "resolved": "https://registry.npmjs.org/use-memo-one/-/use-memo-one-1.1.1.tgz",
      "integrity": "sha512-oFfsyun+bP7RX8X2AskHNTxu+R3QdE/RC5IefMbqptmACAA/gfol1KDD5KRzPsGMa62sWxGZw+Ui43u6x4ddoQ=="
    },
    "util-deprecate": {
      "version": "1.0.2",
      "resolved": "https://registry.npmjs.org/util-deprecate/-/util-deprecate-1.0.2.tgz",
      "integrity": "sha1-RQ1Nyfpw3nMnYvvS1KKJgUGaDM8="
    },
    "uuid": {
      "version": "3.4.0",
      "resolved": "https://registry.npmjs.org/uuid/-/uuid-3.4.0.tgz",
      "integrity": "sha512-HjSDRw6gZE5JMggctHBcjVak08+KEVhSIiDzFnT9S9aegmp85S/bReBVTb4QTFaRNptJ9kuYaNhnbNEOkbKb/A=="
    },
    "which": {
      "version": "2.0.2",
      "resolved": "https://registry.npmjs.org/which/-/which-2.0.2.tgz",
      "integrity": "sha512-BLI3Tl1TW3Pvl70l3yq3Y64i+awpwXqsGBYWkkqMtnbXgrMD+yj7rhW0kuEDxzJaYXGjEW5ogapKNMEKNMjibA==",
      "requires": {
        "isexe": "^2.0.0"
      }
    }
  }
}
